
Microsoft Visual Studio Solution File, Format Version 12.00
# Visual Studio Version 16
VisualStudioVersion = 16.0.29020.237
MinimumVisualStudioVersion = 10.0.40219.1
Project("{FAE04EC0-301F-11D3-BF4B-00C04F79EFBC}") = "ProjetoFinal", "ProjetoFinal\ProjetoFinal.csproj", "{DD6A928A-89F9-4ECB-B21C-F6A4CDB8E31B}"
EndProject
Global
	GlobalSection(SolutionConfigurationPlatforms) = preSolution
		Debug|Any CPU = Debug|Any CPU
		Release|Any CPU = Release|Any CPU
	EndGlobalSection
	GlobalSection(ProjectConfigurationPlatforms) = postSolution
		{DD6A928A-89F9-4ECB-B21C-F6A4CDB8E31B}.Debug|Any CPU.ActiveCfg = Debug|Any CPU
		{DD6A928A-89F9-4ECB-B21C-F6A4CDB8E31B}.Debug|Any CPU.Build.0 = Debug|Any CPU
		{DD6A928A-89F9-4ECB-B21C-F6A4CDB8E31B}.Release|Any CPU.ActiveCfg = Release|Any CPU
		{DD6A928A-89F9-4ECB-B21C-F6A4CDB8E31B}.Release|Any CPU.Build.0 = Release|Any CPU
	EndGlobalSection
	GlobalSection(SolutionProperties) = preSolution
		HideSolutionNode = FALSE
	EndGlobalSection
	GlobalSection(ExtensibilityGlobals) = postSolution
		SolutionGuid = {5F5C6089-8A58-4BA9-88E2-CCC4DC871E3F}
	EndGlobalSection
EndGlobal
